{
  "name": "devlog-tracker",
  "version": "1.3.0",
  "lockfileVersion": 3,
  "requires": true,
  "packages": {
    "": {
      "name": "devlog-tracker",
      "version": "1.3.0",
      "license": "Apache-2.0",
      "bin": {
        "devlog-tracker": "bin/devlog-tracker.js"
      },
      "engines": {
        "node": ">=18"
      }
    }
  }
}
